
Microsoft Visual Studio Solution File, Format Version 12.00
# Visual Studio 15
VisualStudioVersion = 15.0.26730.16
MinimumVisualStudioVersion = 10.0.40219.1
Project("{FAE04EC0-301F-11D3-BF4B-00C04F79EFBC}") = "konto_bankowe", "konto_bankowe\konto_bankowe.csproj", "{427F2EB6-EB42-46FE-A1E8-1794C6B2C237}"
EndProject
Global
	GlobalSection(SolutionConfigurationPlatforms) = preSolution
		Debug|Any CPU = Debug|Any CPU
		Release|Any CPU = Release|Any CPU
	EndGlobalSection
	GlobalSection(ProjectConfigurationPlatforms) = postSolution
		{427F2EB6-EB42-46FE-A1E8-1794C6B2C237}.Debug|Any CPU.ActiveCfg = Debug|Any CPU
		{427F2EB6-EB42-46FE-A1E8-1794C6B2C237}.Debug|Any CPU.Build.0 = Debug|Any CPU
		{427F2EB6-EB42-46FE-A1E8-1794C6B2C237}.Release|Any CPU.ActiveCfg = Release|Any CPU
		{427F2EB6-EB42-46FE-A1E8-1794C6B2C237}.Release|Any CPU.Build.0 = Release|Any CPU
	EndGlobalSection
	GlobalSection(SolutionProperties) = preSolution
		HideSolutionNode = FALSE
	EndGlobalSection
	GlobalSection(ExtensibilityGlobals) = postSolution
		SolutionGuid = {3CCA5E7D-A32A-4DEF-A516-D66B43E6E179}
	EndGlobalSection
EndGlobal
